
Microsoft Visual Studio Solution File, Format Version 12.00
# Visual Studio 14
VisualStudioVersion = 14.0.24720.0
MinimumVisualStudioVersion = 10.0.40219.1
Project("{FAE04EC0-301F-11D3-BF4B-00C04F79EFBC}") = "DemoFrame", "DemoFrame\DemoFrame.csproj", "{DD52E07F-FF1A-409E-A478-F90F769A0A9A}"
EndProject
Project("{FAE04EC0-301F-11D3-BF4B-00C04F79EFBC}") = "WeYa.Core", "..\..\Source\DemoFrame\WeYa.Core\WeYa.Core.csproj", "{AA37D92F-55DA-43CD-92C3-AFFF1B8BA7C8}"
EndProject
Project("{FAE04EC0-301F-11D3-BF4B-00C04F79EFBC}") = "WeYa.Domain", "..\..\Source\DemoFrame\WeYa.Domain\WeYa.Domain.csproj", "{B855D265-F94F-4766-9FDD-086D2C768037}"
EndProject
Project("{FAE04EC0-301F-11D3-BF4B-00C04F79EFBC}") = "WeYa.Tools", "..\..\Source\DemoFrame\WeYa.Tools\WeYa.Tools.csproj", "{D0476E9D-25EA-4CED-8955-01B1906C7258}"
EndProject
Project("{FAE04EC0-301F-11D3-BF4B-00C04F79EFBC}") = "CCUWPToolkit", "..\..\Source\DemoControl\CCUWPToolkit\CCUWPToolkit.csproj", "{057CA838-C89F-4130-A391-AA8DF7AC1886}"
EndProject
Global
	GlobalSection(SolutionConfigurationPlatforms) = preSolution
		Debug|Any CPU = Debug|Any CPU
		Debug|ARM = Debug|ARM
		Debug|x64 = Debug|x64
		Debug|x86 = Debug|x86
		Release|Any CPU = Release|Any CPU
		Release|ARM = Release|ARM
		Release|x64 = Release|x64
		Release|x86 = Release|x86
	EndGlobalSection
	GlobalSection(ProjectConfigurationPlatforms) = postSolution
		{DD52E07F-FF1A-409E-A478-F90F769A0A9A}.Debug|Any CPU.ActiveCfg = Debug|x86
		{DD52E07F-FF1A-409E-A478-F90F769A0A9A}.Debug|ARM.ActiveCfg = Debug|ARM
		{DD52E07F-FF1A-409E-A478-F90F769A0A9A}.Debug|ARM.Build.0 = Debug|ARM
		{DD52E07F-FF1A-409E-A478-F90F769A0A9A}.Debug|ARM.Deploy.0 = Debug|ARM
		{DD52E07F-FF1A-409E-A478-F90F769A0A9A}.Debug|x64.ActiveCfg = Debug|x64
		{DD52E07F-FF1A-409E-A478-F90F769A0A9A}.Debug|x64.Build.0 = Debug|x64
		{DD52E07F-FF1A-409E-A478-F90F769A0A9A}.Debug|x64.Deploy.0 = Debug|x64
		{DD52E07F-FF1A-409E-A478-F90F769A0A9A}.Debug|x86.ActiveCfg = Debug|x86
		{DD52E07F-FF1A-409E-A478-F90F769A0A9A}.Debug|x86.Build.0 = Debug|x86
		{DD52E07F-FF1A-409E-A478-F90F769A0A9A}.Debug|x86.Deploy.0 = Debug|x86
		{DD52E07F-FF1A-409E-A478-F90F769A0A9A}.Release|Any CPU.ActiveCfg = Release|x86
		{DD52E07F-FF1A-409E-A478-F90F769A0A9A}.Release|ARM.ActiveCfg = Release|ARM
		{DD52E07F-FF1A-409E-A478-F90F769A0A9A}.Release|ARM.Build.0 = Release|ARM
		{DD52E07F-FF1A-409E-A478-F90F769A0A9A}.Release|ARM.Deploy.0 = Release|ARM
		{DD52E07F-FF1A-409E-A478-F90F769A0A9A}.Release|x64.ActiveCfg = Release|x64
		{DD52E07F-FF1A-409E-A478-F90F769A0A9A}.Release|x64.Build.0 = Release|x64
		{DD52E07F-FF1A-409E-A478-F90F769A0A9A}.Release|x64.Deploy.0 = Release|x64
		{DD52E07F-FF1A-409E-A478-F90F769A0A9A}.Release|x86.ActiveCfg = Release|x86
		{DD52E07F-FF1A-409E-A478-F90F769A0A9A}.Release|x86.Build.0 = Release|x86
		{DD52E07F-FF1A-409E-A478-F90F769A0A9A}.Release|x86.Deploy.0 = Release|x86
		{AA37D92F-55DA-43CD-92C3-AFFF1B8BA7C8}.Debug|Any CPU.ActiveCfg = Debug|Any CPU
		{AA37D92F-55DA-43CD-92C3-AFFF1B8BA7C8}.Debug|Any CPU.Build.0 = Debug|Any CPU
		{AA37D92F-55DA-43CD-92C3-AFFF1B8BA7C8}.Debug|ARM.ActiveCfg = Debug|ARM
		{AA37D92F-55DA-43CD-92C3-AFFF1B8BA7C8}.Debug|ARM.Build.0 = Debug|ARM
		{AA37D92F-55DA-43CD-92C3-AFFF1B8BA7C8}.Debug|x64.ActiveCfg = Debug|x64
		{AA37D92F-55DA-43CD-92C3-AFFF1B8BA7C8}.Debug|x64.Build.0 = Debug|x64
		{AA37D92F-55DA-43CD-92C3-AFFF1B8BA7C8}.Debug|x86.ActiveCfg = Debug|x86
		{AA37D92F-55DA-43CD-92C3-AFFF1B8BA7C8}.Debug|x86.Build.0 = Debug|x86
		{AA37D92F-55DA-43CD-92C3-AFFF1B8BA7C8}.Release|Any CPU.ActiveCfg = Release|Any CPU
		{AA37D92F-55DA-43CD-92C3-AFFF1B8BA7C8}.Release|Any CPU.Build.0 = Release|Any CPU
		{AA37D92F-55DA-43CD-92C3-AFFF1B8BA7C8}.Release|ARM.ActiveCfg = Release|ARM
		{AA37D92F-55DA-43CD-92C3-AFFF1B8BA7C8}.Release|ARM.Build.0 = Release|ARM
		{AA37D92F-55DA-43CD-92C3-AFFF1B8BA7C8}.Release|x64.ActiveCfg = Release|x64
		{AA37D92F-55DA-43CD-92C3-AFFF1B8BA7C8}.Release|x64.Build.0 = Release|x64
		{AA37D92F-55DA-43CD-92C3-AFFF1B8BA7C8}.Release|x86.ActiveCfg = Release|x86
		{AA37D92F-55DA-43CD-92C3-AFFF1B8BA7C8}.Release|x86.Build.0 = Release|x86
		{B855D265-F94F-4766-9FDD-086D2C768037}.Debug|Any CPU.ActiveCfg = Debug|Any CPU
		{B855D265-F94F-4766-9FDD-086D2C768037}.Debug|Any CPU.Build.0 = Debug|Any CPU
		{B855D265-F94F-4766-9FDD-086D2C768037}.Debug|ARM.ActiveCfg = Debug|ARM
		{B855D265-F94F-4766-9FDD-086D2C768037}.Debug|ARM.Build.0 = Debug|ARM
		{B855D265-F94F-4766-9FDD-086D2C768037}.Debug|x64.ActiveCfg = Debug|x64
		{B855D265-F94F-4766-9FDD-086D2C768037}.Debug|x64.Build.0 = Debug|x64
		{B855D265-F94F-4766-9FDD-086D2C768037}.Debug|x86.ActiveCfg = Debug|x86
		{B855D265-F94F-4766-9FDD-086D2C768037}.Debug|x86.Build.0 = Debug|x86
		{B855D265-F94F-4766-9FDD-086D2C768037}.Release|Any CPU.ActiveCfg = Release|Any CPU
		{B855D265-F94F-4766-9FDD-086D2C768037}.Release|Any CPU.Build.0 = Release|Any CPU
		{B855D265-F94F-4766-9FDD-086D2C768037}.Release|ARM.ActiveCfg = Release|ARM
		{B855D265-F94F-4766-9FDD-086D2C768037}.Release|ARM.Build.0 = Release|ARM
		{B855D265-F94F-4766-9FDD-086D2C768037}.Release|x64.ActiveCfg = Release|x64
		{B855D265-F94F-4766-9FDD-086D2C768037}.Release|x64.Build.0 = Release|x64
		{B855D265-F94F-4766-9FDD-086D2C768037}.Release|x86.ActiveCfg = Release|x86
		{B855D265-F94F-4766-9FDD-086D2C768037}.Release|x86.Build.0 = Release|x86
		{D0476E9D-25EA-4CED-8955-01B1906C7258}.Debug|Any CPU.ActiveCfg = Debug|Any CPU
		{D0476E9D-25EA-4CED-8955-01B1906C7258}.Debug|Any CPU.Build.0 = Debug|Any CPU
		{D0476E9D-25EA-4CED-8955-01B1906C7258}.Debug|ARM.ActiveCfg = Debug|ARM
		{D0476E9D-25EA-4CED-8955-01B1906C7258}.Debug|ARM.Build.0 = Debug|ARM
		{D0476E9D-25EA-4CED-8955-01B1906C7258}.Debug|x64.ActiveCfg = Debug|x64
		{D0476E9D-25EA-4CED-8955-01B1906C7258}.Debug|x64.Build.0 = Debug|x64
		{D0476E9D-25EA-4CED-8955-01B1906C7258}.Debug|x86.ActiveCfg = Debug|x86
		{D0476E9D-25EA-4CED-8955-01B1906C7258}.Debug|x86.Build.0 = Debug|x86
		{D0476E9D-25EA-4CED-8955-01B1906C7258}.Release|Any CPU.ActiveCfg = Release|Any CPU
		{D0476E9D-25EA-4CED-8955-01B1906C7258}.Release|Any CPU.Build.0 = Release|Any CPU
		{D0476E9D-25EA-4CED-8955-01B1906C7258}.Release|ARM.ActiveCfg = Release|ARM
		{D0476E9D-25EA-4CED-8955-01B1906C7258}.Release|ARM.Build.0 = Release|ARM
		{D0476E9D-25EA-4CED-8955-01B1906C7258}.Release|x64.ActiveCfg = Release|x64
		{D0476E9D-25EA-4CED-8955-01B1906C7258}.Release|x64.Build.0 = Release|x64
		{D0476E9D-25EA-4CED-8955-01B1906C7258}.Release|x86.ActiveCfg = Release|x86
		{D0476E9D-25EA-4CED-8955-01B1906C7258}.Release|x86.Build.0 = Release|x86
		{057CA838-C89F-4130-A391-AA8DF7AC1886}.Debug|Any CPU.ActiveCfg = Debug|x86
		{057CA838-C89F-4130-A391-AA8DF7AC1886}.Debug|ARM.ActiveCfg = Debug|ARM
		{057CA838-C89F-4130-A391-AA8DF7AC1886}.Debug|ARM.Build.0 = Debug|ARM
		{057CA838-C89F-4130-A391-AA8DF7AC1886}.Debug|x64.ActiveCfg = Debug|x64
		{057CA838-C89F-4130-A391-AA8DF7AC1886}.Debug|x64.Build.0 = Debug|x64
		{057CA838-C89F-4130-A391-AA8DF7AC1886}.Debug|x86.ActiveCfg = Debug|x86
		{057CA838-C89F-4130-A391-AA8DF7AC1886}.Debug|x86.Build.0 = Debug|x86
		{057CA838-C89F-4130-A391-AA8DF7AC1886}.Release|Any CPU.ActiveCfg = Release|x86
		{057CA838-C89F-4130-A391-AA8DF7AC1886}.Release|ARM.ActiveCfg = Release|ARM
		{057CA838-C89F-4130-A391-AA8DF7AC1886}.Release|ARM.Build.0 = Release|ARM
		{057CA838-C89F-4130-A391-AA8DF7AC1886}.Release|x64.ActiveCfg = Release|x64
		{057CA838-C89F-4130-A391-AA8DF7AC1886}.Release|x64.Build.0 = Release|x64
		{057CA838-C89F-4130-A391-AA8DF7AC1886}.Release|x86.ActiveCfg = Release|x86
		{057CA838-C89F-4130-A391-AA8DF7AC1886}.Release|x86.Build.0 = Release|x86
	EndGlobalSection
	GlobalSection(SolutionProperties) = preSolution
		HideSolutionNode = FALSE
	EndGlobalSection
EndGlobal
